
Microsoft Visual Studio Solution File, Format Version 12.00
# Visual Studio Version 17
VisualStudioVersion = 17.8.34330.188
MinimumVisualStudioVersion = 10.0.40219.1
Project("{9A19103F-16F7-4668-BE54-9A1E7A4F7556}") = "API", "API\API.csproj", "{914A2195-2836-41C0-ACBA-544788D6B70B}"
EndProject
Global
	GlobalSection(SolutionConfigurationPlatforms) = preSolution
		Debug|Any CPU = Debug|Any CPU
		Release|Any CPU = Release|Any CPU
	EndGlobalSection
	GlobalSection(ProjectConfigurationPlatforms) = postSolution
		{914A2195-2836-41C0-ACBA-544788D6B70B}.Debug|Any CPU.ActiveCfg = Debug|Any CPU
		{914A2195-2836-41C0-ACBA-544788D6B70B}.Debug|Any CPU.Build.0 = Debug|Any CPU
		{914A2195-2836-41C0-ACBA-544788D6B70B}.Release|Any CPU.ActiveCfg = Release|Any CPU
		{914A2195-2836-41C0-ACBA-544788D6B70B}.Release|Any CPU.Build.0 = Release|Any CPU
	EndGlobalSection
	GlobalSection(SolutionProperties) = preSolution
		HideSolutionNode = FALSE
	EndGlobalSection
	GlobalSection(ExtensibilityGlobals) = postSolution
		SolutionGuid = {F796E8A2-5EA5-421E-AE20-1AFED97C64CD}
	EndGlobalSection
EndGlobal
